
Microsoft Visual Studio Solution File, Format Version 12.00
# Visual Studio 15
VisualStudioVersion = 15.0.27130.2010
MinimumVisualStudioVersion = 10.0.40219.1
Project("{FAE04EC0-301F-11D3-BF4B-00C04F79EFBC}") = "SimpleBookStore", "SimpleBookStore\SimpleBookStore.csproj", "{B614ABEF-ECA2-4EE5-A154-CA289767C795}"
EndProject
Global
	GlobalSection(SolutionConfigurationPlatforms) = preSolution
		Debug|Any CPU = Debug|Any CPU
		Release|Any CPU = Release|Any CPU
	EndGlobalSection
	GlobalSection(ProjectConfigurationPlatforms) = postSolution
		{B614ABEF-ECA2-4EE5-A154-CA289767C795}.Debug|Any CPU.ActiveCfg = Debug|Any CPU
		{B614ABEF-ECA2-4EE5-A154-CA289767C795}.Debug|Any CPU.Build.0 = Debug|Any CPU
		{B614ABEF-ECA2-4EE5-A154-CA289767C795}.Release|Any CPU.ActiveCfg = Release|Any CPU
		{B614ABEF-ECA2-4EE5-A154-CA289767C795}.Release|Any CPU.Build.0 = Release|Any CPU
	EndGlobalSection
	GlobalSection(SolutionProperties) = preSolution
		HideSolutionNode = FALSE
	EndGlobalSection
	GlobalSection(ExtensibilityGlobals) = postSolution
		SolutionGuid = {18635B45-9EF9-4469-9D62-A61FF4E5E363}
	EndGlobalSection
EndGlobal
